
Microsoft Visual Studio Solution File, Format Version 12.00
# Visual Studio 14
VisualStudioVersion = 14.0.25420.1
MinimumVisualStudioVersion = 10.0.40219.1
Project("{FAE04EC0-301F-11D3-BF4B-00C04F79EFBC}") = "UsingLoggerPlugin", "UsingLoggerPlugin\UsingLoggerPlugin\UsingLoggerPlugin.csproj", "{4AFDE656-2AAB-4E40-821B-94DE5A6B10DC}"
EndProject
Project("{FAE04EC0-301F-11D3-BF4B-00C04F79EFBC}") = "UsingLoggerPlugin.Droid", "UsingLoggerPlugin\UsingLoggerPlugin.Droid\UsingLoggerPlugin.Droid.csproj", "{9F28146D-FF54-4E07-9F51-4EF509EEA0DC}"
EndProject
Project("{FAE04EC0-301F-11D3-BF4B-00C04F79EFBC}") = "UsingLoggerPlugin.iOS", "UsingLoggerPlugin\UsingLoggerPlugin.iOS\UsingLoggerPlugin.iOS.csproj", "{2027F505-BFDB-430E-A05B-D5C8496EFE1D}"
EndProject
Project("{FAE04EC0-301F-11D3-BF4B-00C04F79EFBC}") = "UsingLoggerPlugin.WinPhone", "UsingLoggerPlugin\UsingLoggerPlugin.WinPhone\UsingLoggerPlugin.WinPhone.csproj", "{311AAE4D-8E65-4FF4-A05A-219C8D53BC0F}"
EndProject
Project("{FAE04EC0-301F-11D3-BF4B-00C04F79EFBC}") = "UsingLoggerPlugin.UWP", "UsingLoggerPlugin\UsingLoggerPlugin.UWP\UsingLoggerPlugin.UWP.csproj", "{5EA1DAC7-0384-421B-B34B-4AE38FA1143A}"
EndProject
Project("{FAE04EC0-301F-11D3-BF4B-00C04F79EFBC}") = "UsingLoggerPlugin.Windows", "UsingLoggerPlugin\UsingLoggerPlugin.Windows\UsingLoggerPlugin.Windows.csproj", "{522DB10A-2523-4187-8DC5-C282F2713FB1}"
EndProject
Global
	GlobalSection(SolutionConfigurationPlatforms) = preSolution
		Ad-Hoc|Any CPU = Ad-Hoc|Any CPU
		Ad-Hoc|ARM = Ad-Hoc|ARM
		Ad-Hoc|iPhone = Ad-Hoc|iPhone
		Ad-Hoc|iPhoneSimulator = Ad-Hoc|iPhoneSimulator
		Ad-Hoc|x64 = Ad-Hoc|x64
		Ad-Hoc|x86 = Ad-Hoc|x86
		AppStore|Any CPU = AppStore|Any CPU
		AppStore|ARM = AppStore|ARM
		AppStore|iPhone = AppStore|iPhone
		AppStore|iPhoneSimulator = AppStore|iPhoneSimulator
		AppStore|x64 = AppStore|x64
		AppStore|x86 = AppStore|x86
		Debug|Any CPU = Debug|Any CPU
		Debug|ARM = Debug|ARM
		Debug|iPhone = Debug|iPhone
		Debug|iPhoneSimulator = Debug|iPhoneSimulator
		Debug|x64 = Debug|x64
		Debug|x86 = Debug|x86
		Release|Any CPU = Release|Any CPU
		Release|ARM = Release|ARM
		Release|iPhone = Release|iPhone
		Release|iPhoneSimulator = Release|iPhoneSimulator
		Release|x64 = Release|x64
		Release|x86 = Release|x86
	EndGlobalSection
	GlobalSection(ProjectConfigurationPlatforms) = postSolution
		{4AFDE656-2AAB-4E40-821B-94DE5A6B10DC}.Ad-Hoc|Any CPU.ActiveCfg = Release|Any CPU
		{4AFDE656-2AAB-4E40-821B-94DE5A6B10DC}.Ad-Hoc|Any CPU.Build.0 = Release|Any CPU
		{4AFDE656-2AAB-4E40-821B-94DE5A6B10DC}.Ad-Hoc|ARM.ActiveCfg = Release|Any CPU
		{4AFDE656-2AAB-4E40-821B-94DE5A6B10DC}.Ad-Hoc|ARM.Build.0 = Release|Any CPU
		{4AFDE656-2AAB-4E40-821B-94DE5A6B10DC}.Ad-Hoc|iPhone.ActiveCfg = Release|Any CPU
		{4AFDE656-2AAB-4E40-821B-94DE5A6B10DC}.Ad-Hoc|iPhone.Build.0 = Release|Any CPU
		{4AFDE656-2AAB-4E40-821B-94DE5A6B10DC}.Ad-Hoc|iPhoneSimulator.ActiveCfg = Release|Any CPU
		{4AFDE656-2AAB-4E40-821B-94DE5A6B10DC}.Ad-Hoc|iPhoneSimulator.Build.0 = Release|Any CPU
		{4AFDE656-2AAB-4E40-821B-94DE5A6B10DC}.Ad-Hoc|x64.ActiveCfg = Release|Any CPU
		{4AFDE656-2AAB-4E40-821B-94DE5A6B10DC}.Ad-Hoc|x64.Build.0 = Release|Any CPU
		{4AFDE656-2AAB-4E40-821B-94DE5A6B10DC}.Ad-Hoc|x86.ActiveCfg = Release|Any CPU
		{4AFDE656-2AAB-4E40-821B-94DE5A6B10DC}.Ad-Hoc|x86.Build.0 = Release|Any CPU
		{4AFDE656-2AAB-4E40-821B-94DE5A6B10DC}.AppStore|Any CPU.ActiveCfg = Release|Any CPU
		{4AFDE656-2AAB-4E40-821B-94DE5A6B10DC}.AppStore|Any CPU.Build.0 = Release|Any CPU
		{4AFDE656-2AAB-4E40-821B-94DE5A6B10DC}.AppStore|ARM.ActiveCfg = Release|Any CPU
		{4AFDE656-2AAB-4E40-821B-94DE5A6B10DC}.AppStore|ARM.Build.0 = Release|Any CPU
		{4AFDE656-2AAB-4E40-821B-94DE5A6B10DC}.AppStore|iPhone.ActiveCfg = Release|Any CPU
		{4AFDE656-2AAB-4E40-821B-94DE5A6B10DC}.AppStore|iPhone.Build.0 = Release|Any CPU
		{4AFDE656-2AAB-4E40-821B-94DE5A6B10DC}.AppStore|iPhoneSimulator.ActiveCfg = Release|Any CPU
		{4AFDE656-2AAB-4E40-821B-94DE5A6B10DC}.AppStore|iPhoneSimulator.Build.0 = Release|Any CPU
		{4AFDE656-2AAB-4E40-821B-94DE5A6B10DC}.AppStore|x64.ActiveCfg = Release|Any CPU
		{4AFDE656-2AAB-4E40-821B-94DE5A6B10DC}.AppStore|x64.Build.0 = Release|Any CPU
		{4AFDE656-2AAB-4E40-821B-94DE5A6B10DC}.AppStore|x86.ActiveCfg = Release|Any CPU
		{4AFDE656-2AAB-4E40-821B-94DE5A6B10DC}.AppStore|x86.Build.0 = Release|Any CPU
		{4AFDE656-2AAB-4E40-821B-94DE5A6B10DC}.Debug|Any CPU.ActiveCfg = Debug|Any CPU
		{4AFDE656-2AAB-4E40-821B-94DE5A6B10DC}.Debug|Any CPU.Build.0 = Debug|Any CPU
		{4AFDE656-2AAB-4E40-821B-94DE5A6B10DC}.Debug|ARM.ActiveCfg = Debug|Any CPU
		{4AFDE656-2AAB-4E40-821B-94DE5A6B10DC}.Debug|ARM.Build.0 = Debug|Any CPU
		{4AFDE656-2AAB-4E40-821B-94DE5A6B10DC}.Debug|iPhone.ActiveCfg = Debug|Any CPU
		{4AFDE656-2AAB-4E40-821B-94DE5A6B10DC}.Debug|iPhone.Build.0 = Debug|Any CPU
		{4AFDE656-2AAB-4E40-821B-94DE5A6B10DC}.Debug|iPhoneSimulator.ActiveCfg = Debug|Any CPU
		{4AFDE656-2AAB-4E40-821B-94DE5A6B10DC}.Debug|iPhoneSimulator.Build.0 = Debug|Any CPU
		{4AFDE656-2AAB-4E40-821B-94DE5A6B10DC}.Debug|x64.ActiveCfg = Debug|Any CPU
		{4AFDE656-2AAB-4E40-821B-94DE5A6B10DC}.Debug|x64.Build.0 = Debug|Any CPU
		{4AFDE656-2AAB-4E40-821B-94DE5A6B10DC}.Debug|x86.ActiveCfg = Debug|Any CPU
		{4AFDE656-2AAB-4E40-821B-94DE5A6B10DC}.Debug|x86.Build.0 = Debug|Any CPU
		{4AFDE656-2AAB-4E40-821B-94DE5A6B10DC}.Release|Any CPU.ActiveCfg = Release|Any CPU
		{4AFDE656-2AAB-4E40-821B-94DE5A6B10DC}.Release|Any CPU.Build.0 = Release|Any CPU
		{4AFDE656-2AAB-4E40-821B-94DE5A6B10DC}.Release|ARM.ActiveCfg = Release|Any CPU
		{4AFDE656-2AAB-4E40-821B-94DE5A6B10DC}.Release|ARM.Build.0 = Release|Any CPU
		{4AFDE656-2AAB-4E40-821B-94DE5A6B10DC}.Release|iPhone.ActiveCfg = Release|Any CPU
		{4AFDE656-2AAB-4E40-821B-94DE5A6B10DC}.Release|iPhone.Build.0 = Release|Any CPU
		{4AFDE656-2AAB-4E40-821B-94DE5A6B10DC}.Release|iPhoneSimulator.ActiveCfg = Release|Any CPU
		{4AFDE656-2AAB-4E40-821B-94DE5A6B10DC}.Release|iPhoneSimulator.Build.0 = Release|Any CPU
		{4AFDE656-2AAB-4E40-821B-94DE5A6B10DC}.Release|x64.ActiveCfg = Release|Any CPU
		{4AFDE656-2AAB-4E40-821B-94DE5A6B10DC}.Release|x64.Build.0 = Release|Any CPU
		{4AFDE656-2AAB-4E40-821B-94DE5A6B10DC}.Release|x86.ActiveCfg = Release|Any CPU
		{4AFDE656-2AAB-4E40-821B-94DE5A6B10DC}.Release|x86.Build.0 = Release|Any CPU
		{9F28146D-FF54-4E07-9F51-4EF509EEA0DC}.Ad-Hoc|Any CPU.ActiveCfg = Release|Any CPU
		{9F28146D-FF54-4E07-9F51-4EF509EEA0DC}.Ad-Hoc|Any CPU.Build.0 = Release|Any CPU
		{9F28146D-FF54-4E07-9F51-4EF509EEA0DC}.Ad-Hoc|Any CPU.Deploy.0 = Release|Any CPU
		{9F28146D-FF54-4E07-9F51-4EF509EEA0DC}.Ad-Hoc|ARM.ActiveCfg = Release|Any CPU
		{9F28146D-FF54-4E07-9F51-4EF509EEA0DC}.Ad-Hoc|ARM.Build.0 = Release|Any CPU
		{9F28146D-FF54-4E07-9F51-4EF509EEA0DC}.Ad-Hoc|ARM.Deploy.0 = Release|Any CPU
		{9F28146D-FF54-4E07-9F51-4EF509EEA0DC}.Ad-Hoc|iPhone.ActiveCfg = Release|Any CPU
		{9F28146D-FF54-4E07-9F51-4EF509EEA0DC}.Ad-Hoc|iPhone.Build.0 = Release|Any CPU
		{9F28146D-FF54-4E07-9F51-4EF509EEA0DC}.Ad-Hoc|iPhone.Deploy.0 = Release|Any CPU
		{9F28146D-FF54-4E07-9F51-4EF509EEA0DC}.Ad-Hoc|iPhoneSimulator.ActiveCfg = Release|Any CPU
		{9F28146D-FF54-4E07-9F51-4EF509EEA0DC}.Ad-Hoc|iPhoneSimulator.Build.0 = Release|Any CPU
		{9F28146D-FF54-4E07-9F51-4EF509EEA0DC}.Ad-Hoc|iPhoneSimulator.Deploy.0 = Release|Any CPU
		{9F28146D-FF54-4E07-9F51-4EF509EEA0DC}.Ad-Hoc|x64.ActiveCfg = Release|Any CPU
		{9F28146D-FF54-4E07-9F51-4EF509EEA0DC}.Ad-Hoc|x64.Build.0 = Release|Any CPU
		{9F28146D-FF54-4E07-9F51-4EF509EEA0DC}.Ad-Hoc|x64.Deploy.0 = Release|Any CPU
		{9F28146D-FF54-4E07-9F51-4EF509EEA0DC}.Ad-Hoc|x86.ActiveCfg = Release|Any CPU
		{9F28146D-FF54-4E07-9F51-4EF509EEA0DC}.Ad-Hoc|x86.Build.0 = Release|Any CPU
		{9F28146D-FF54-4E07-9F51-4EF509EEA0DC}.Ad-Hoc|x86.Deploy.0 = Release|Any CPU
		{9F28146D-FF54-4E07-9F51-4EF509EEA0DC}.AppStore|Any CPU.ActiveCfg = Release|Any CPU
		{9F28146D-FF54-4E07-9F51-4EF509EEA0DC}.AppStore|Any CPU.Build.0 = Release|Any CPU
		{9F28146D-FF54-4E07-9F51-4EF509EEA0DC}.AppStore|Any CPU.Deploy.0 = Release|Any CPU
		{9F28146D-FF54-4E07-9F51-4EF509EEA0DC}.AppStore|ARM.ActiveCfg = Release|Any CPU
		{9F28146D-FF54-4E07-9F51-4EF509EEA0DC}.AppStore|ARM.Build.0 = Release|Any CPU
		{9F28146D-FF54-4E07-9F51-4EF509EEA0DC}.AppStore|ARM.Deploy.0 = Release|Any CPU
		{9F28146D-FF54-4E07-9F51-4EF509EEA0DC}.AppStore|iPhone.ActiveCfg = Release|Any CPU
		{9F28146D-FF54-4E07-9F51-4EF509EEA0DC}.AppStore|iPhone.Build.0 = Release|Any CPU
		{9F28146D-FF54-4E07-9F51-4EF509EEA0DC}.AppStore|iPhone.Deploy.0 = Release|Any CPU
		{9F28146D-FF54-4E07-9F51-4EF509EEA0DC}.AppStore|iPhoneSimulator.ActiveCfg = Release|Any CPU
		{9F28146D-FF54-4E07-9F51-4EF509EEA0DC}.AppStore|iPhoneSimulator.Build.0 = Release|Any CPU
		{9F28146D-FF54-4E07-9F51-4EF509EEA0DC}.AppStore|iPhoneSimulator.Deploy.0 = Release|Any CPU
		{9F28146D-FF54-4E07-9F51-4EF509EEA0DC}.AppStore|x64.ActiveCfg = Release|Any CPU
		{9F28146D-FF54-4E07-9F51-4EF509EEA0DC}.AppStore|x64.Build.0 = Release|Any CPU
		{9F28146D-FF54-4E07-9F51-4EF509EEA0DC}.AppStore|x64.Deploy.0 = Release|Any CPU
		{9F28146D-FF54-4E07-9F51-4EF509EEA0DC}.AppStore|x86.ActiveCfg = Release|Any CPU
		{9F28146D-FF54-4E07-9F51-4EF509EEA0DC}.AppStore|x86.Build.0 = Release|Any CPU
		{9F28146D-FF54-4E07-9F51-4EF509EEA0DC}.AppStore|x86.Deploy.0 = Release|Any CPU
		{9F28146D-FF54-4E07-9F51-4EF509EEA0DC}.Debug|Any CPU.ActiveCfg = Debug|Any CPU
		{9F28146D-FF54-4E07-9F51-4EF509EEA0DC}.Debug|Any CPU.Build.0 = Debug|Any CPU
		{9F28146D-FF54-4E07-9F51-4EF509EEA0DC}.Debug|Any CPU.Deploy.0 = Debug|Any CPU
		{9F28146D-FF54-4E07-9F51-4EF509EEA0DC}.Debug|ARM.ActiveCfg = Debug|Any CPU
		{9F28146D-FF54-4E07-9F51-4EF509EEA0DC}.Debug|ARM.Build.0 = Debug|Any CPU
		{9F28146D-FF54-4E07-9F51-4EF509EEA0DC}.Debug|ARM.Deploy.0 = Debug|Any CPU
		{9F28146D-FF54-4E07-9F51-4EF509EEA0DC}.Debug|iPhone.ActiveCfg = Debug|Any CPU
		{9F28146D-FF54-4E07-9F51-4EF509EEA0DC}.Debug|iPhone.Build.0 = Debug|Any CPU
		{9F28146D-FF54-4E07-9F51-4EF509EEA0DC}.Debug|iPhone.Deploy.0 = Debug|Any CPU
		{9F28146D-FF54-4E07-9F51-4EF509EEA0DC}.Debug|iPhoneSimulator.ActiveCfg = Debug|Any CPU
		{9F28146D-FF54-4E07-9F51-4EF509EEA0DC}.Debug|iPhoneSimulator.Build.0 = Debug|Any CPU
		{9F28146D-FF54-4E07-9F51-4EF509EEA0DC}.Debug|iPhoneSimulator.Deploy.0 = Debug|Any CPU
		{9F28146D-FF54-4E07-9F51-4EF509EEA0DC}.Debug|x64.ActiveCfg = Debug|Any CPU
		{9F28146D-FF54-4E07-9F51-4EF509EEA0DC}.Debug|x64.Build.0 = Debug|Any CPU
		{9F28146D-FF54-4E07-9F51-4EF509EEA0DC}.Debug|x64.Deploy.0 = Debug|Any CPU
		{9F28146D-FF54-4E07-9F51-4EF509EEA0DC}.Debug|x86.ActiveCfg = Debug|Any CPU
		{9F28146D-FF54-4E07-9F51-4EF509EEA0DC}.Debug|x86.Build.0 = Debug|Any CPU
		{9F28146D-FF54-4E07-9F51-4EF509EEA0DC}.Debug|x86.Deploy.0 = Debug|Any CPU
		{9F28146D-FF54-4E07-9F51-4EF509EEA0DC}.Release|Any CPU.ActiveCfg = Release|Any CPU
		{9F28146D-FF54-4E07-9F51-4EF509EEA0DC}.Release|Any CPU.Build.0 = Release|Any CPU
		{9F28146D-FF54-4E07-9F51-4EF509EEA0DC}.Release|Any CPU.Deploy.0 = Release|Any CPU
		{9F28146D-FF54-4E07-9F51-4EF509EEA0DC}.Release|ARM.ActiveCfg = Release|Any CPU
		{9F28146D-FF54-4E07-9F51-4EF509EEA0DC}.Release|ARM.Build.0 = Release|Any CPU
		{9F28146D-FF54-4E07-9F51-4EF509EEA0DC}.Release|ARM.Deploy.0 = Release|Any CPU
		{9F28146D-FF54-4E07-9F51-4EF509EEA0DC}.Release|iPhone.ActiveCfg = Release|Any CPU
		{9F28146D-FF54-4E07-9F51-4EF509EEA0DC}.Release|iPhone.Build.0 = Release|Any CPU
		{9F28146D-FF54-4E07-9F51-4EF509EEA0DC}.Release|iPhone.Deploy.0 = Release|Any CPU
		{9F28146D-FF54-4E07-9F51-4EF509EEA0DC}.Release|iPhoneSimulator.ActiveCfg = Release|Any CPU
		{9F28146D-FF54-4E07-9F51-4EF509EEA0DC}.Release|iPhoneSimulator.Build.0 = Release|Any CPU
		{9F28146D-FF54-4E07-9F51-4EF509EEA0DC}.Release|iPhoneSimulator.Deploy.0 = Release|Any CPU
		{9F28146D-FF54-4E07-9F51-4EF509EEA0DC}.Release|x64.ActiveCfg = Release|Any CPU
		{9F28146D-FF54-4E07-9F51-4EF509EEA0DC}.Release|x64.Build.0 = Release|Any CPU
		{9F28146D-FF54-4E07-9F51-4EF509EEA0DC}.Release|x64.Deploy.0 = Release|Any CPU
		{9F28146D-FF54-4E07-9F51-4EF509EEA0DC}.Release|x86.ActiveCfg = Release|Any CPU
		{9F28146D-FF54-4E07-9F51-4EF509EEA0DC}.Release|x86.Build.0 = Release|Any CPU
		{9F28146D-FF54-4E07-9F51-4EF509EEA0DC}.Release|x86.Deploy.0 = Release|Any CPU
		{2027F505-BFDB-430E-A05B-D5C8496EFE1D}.Ad-Hoc|Any CPU.ActiveCfg = Ad-Hoc|iPhone
		{2027F505-BFDB-430E-A05B-D5C8496EFE1D}.Ad-Hoc|ARM.ActiveCfg = Ad-Hoc|iPhone
		{2027F505-BFDB-430E-A05B-D5C8496EFE1D}.Ad-Hoc|iPhone.ActiveCfg = Ad-Hoc|iPhone
		{2027F505-BFDB-430E-A05B-D5C8496EFE1D}.Ad-Hoc|iPhone.Build.0 = Ad-Hoc|iPhone
		{2027F505-BFDB-430E-A05B-D5C8496EFE1D}.Ad-Hoc|iPhoneSimulator.ActiveCfg = Ad-Hoc|iPhoneSimulator
		{2027F505-BFDB-430E-A05B-D5C8496EFE1D}.Ad-Hoc|iPhoneSimulator.Build.0 = Ad-Hoc|iPhoneSimulator
		{2027F505-BFDB-430E-A05B-D5C8496EFE1D}.Ad-Hoc|x64.ActiveCfg = Ad-Hoc|iPhone
		{2027F505-BFDB-430E-A05B-D5C8496EFE1D}.Ad-Hoc|x86.ActiveCfg = Ad-Hoc|iPhone
		{2027F505-BFDB-430E-A05B-D5C8496EFE1D}.AppStore|Any CPU.ActiveCfg = AppStore|iPhone
		{2027F505-BFDB-430E-A05B-D5C8496EFE1D}.AppStore|ARM.ActiveCfg = AppStore|iPhone
		{2027F505-BFDB-430E-A05B-D5C8496EFE1D}.AppStore|iPhone.ActiveCfg = AppStore|iPhone
		{2027F505-BFDB-430E-A05B-D5C8496EFE1D}.AppStore|iPhone.Build.0 = AppStore|iPhone
		{2027F505-BFDB-430E-A05B-D5C8496EFE1D}.AppStore|iPhoneSimulator.ActiveCfg = AppStore|iPhoneSimulator
		{2027F505-BFDB-430E-A05B-D5C8496EFE1D}.AppStore|iPhoneSimulator.Build.0 = AppStore|iPhoneSimulator
		{2027F505-BFDB-430E-A05B-D5C8496EFE1D}.AppStore|x64.ActiveCfg = AppStore|iPhone
		{2027F505-BFDB-430E-A05B-D5C8496EFE1D}.AppStore|x86.ActiveCfg = AppStore|iPhone
		{2027F505-BFDB-430E-A05B-D5C8496EFE1D}.Debug|Any CPU.ActiveCfg = Debug|iPhone
		{2027F505-BFDB-430E-A05B-D5C8496EFE1D}.Debug|ARM.ActiveCfg = Debug|iPhone
		{2027F505-BFDB-430E-A05B-D5C8496EFE1D}.Debug|iPhone.ActiveCfg = Debug|iPhone
		{2027F505-BFDB-430E-A05B-D5C8496EFE1D}.Debug|iPhone.Build.0 = Debug|iPhone
		{2027F505-BFDB-430E-A05B-D5C8496EFE1D}.Debug|iPhoneSimulator.ActiveCfg = Debug|iPhoneSimulator
		{2027F505-BFDB-430E-A05B-D5C8496EFE1D}.Debug|iPhoneSimulator.Build.0 = Debug|iPhoneSimulator
		{2027F505-BFDB-430E-A05B-D5C8496EFE1D}.Debug|x64.ActiveCfg = Debug|iPhone
		{2027F505-BFDB-430E-A05B-D5C8496EFE1D}.Debug|x86.ActiveCfg = Debug|iPhone
		{2027F505-BFDB-430E-A05B-D5C8496EFE1D}.Release|Any CPU.ActiveCfg = Release|iPhone
		{2027F505-BFDB-430E-A05B-D5C8496EFE1D}.Release|ARM.ActiveCfg = Release|iPhone
		{2027F505-BFDB-430E-A05B-D5C8496EFE1D}.Release|iPhone.ActiveCfg = Release|iPhone
		{2027F505-BFDB-430E-A05B-D5C8496EFE1D}.Release|iPhone.Build.0 = Release|iPhone
		{2027F505-BFDB-430E-A05B-D5C8496EFE1D}.Release|iPhoneSimulator.ActiveCfg = Release|iPhoneSimulator
		{2027F505-BFDB-430E-A05B-D5C8496EFE1D}.Release|iPhoneSimulator.Build.0 = Release|iPhoneSimulator
		{2027F505-BFDB-430E-A05B-D5C8496EFE1D}.Release|x64.ActiveCfg = Release|iPhone
		{2027F505-BFDB-430E-A05B-D5C8496EFE1D}.Release|x86.ActiveCfg = Release|iPhone
		{311AAE4D-8E65-4FF4-A05A-219C8D53BC0F}.Ad-Hoc|Any CPU.ActiveCfg = Release|Any CPU
		{311AAE4D-8E65-4FF4-A05A-219C8D53BC0F}.Ad-Hoc|Any CPU.Build.0 = Release|Any CPU
		{311AAE4D-8E65-4FF4-A05A-219C8D53BC0F}.Ad-Hoc|Any CPU.Deploy.0 = Release|Any CPU
		{311AAE4D-8E65-4FF4-A05A-219C8D53BC0F}.Ad-Hoc|ARM.ActiveCfg = Release|ARM
		{311AAE4D-8E65-4FF4-A05A-219C8D53BC0F}.Ad-Hoc|ARM.Build.0 = Release|ARM
		{311AAE4D-8E65-4FF4-A05A-219C8D53BC0F}.Ad-Hoc|ARM.Deploy.0 = Release|ARM
		{311AAE4D-8E65-4FF4-A05A-219C8D53BC0F}.Ad-Hoc|iPhone.ActiveCfg = Release|Any CPU
		{311AAE4D-8E65-4FF4-A05A-219C8D53BC0F}.Ad-Hoc|iPhone.Build.0 = Release|Any CPU
		{311AAE4D-8E65-4FF4-A05A-219C8D53BC0F}.Ad-Hoc|iPhone.Deploy.0 = Release|Any CPU
		{311AAE4D-8E65-4FF4-A05A-219C8D53BC0F}.Ad-Hoc|iPhoneSimulator.ActiveCfg = Release|Any CPU
		{311AAE4D-8E65-4FF4-A05A-219C8D53BC0F}.Ad-Hoc|iPhoneSimulator.Build.0 = Release|Any CPU
		{311AAE4D-8E65-4FF4-A05A-219C8D53BC0F}.Ad-Hoc|iPhoneSimulator.Deploy.0 = Release|Any CPU
		{311AAE4D-8E65-4FF4-A05A-219C8D53BC0F}.Ad-Hoc|x64.ActiveCfg = Release|Any CPU
		{311AAE4D-8E65-4FF4-A05A-219C8D53BC0F}.Ad-Hoc|x64.Build.0 = Release|Any CPU
		{311AAE4D-8E65-4FF4-A05A-219C8D53BC0F}.Ad-Hoc|x64.Deploy.0 = Release|Any CPU
		{311AAE4D-8E65-4FF4-A05A-219C8D53BC0F}.Ad-Hoc|x86.ActiveCfg = Release|x86
		{311AAE4D-8E65-4FF4-A05A-219C8D53BC0F}.Ad-Hoc|x86.Build.0 = Release|x86
		{311AAE4D-8E65-4FF4-A05A-219C8D53BC0F}.Ad-Hoc|x86.Deploy.0 = Release|x86
		{311AAE4D-8E65-4FF4-A05A-219C8D53BC0F}.AppStore|Any CPU.ActiveCfg = Release|Any CPU
		{311AAE4D-8E65-4FF4-A05A-219C8D53BC0F}.AppStore|Any CPU.Build.0 = Release|Any CPU
		{311AAE4D-8E65-4FF4-A05A-219C8D53BC0F}.AppStore|Any CPU.Deploy.0 = Release|Any CPU
		{311AAE4D-8E65-4FF4-A05A-219C8D53BC0F}.AppStore|ARM.ActiveCfg = Release|ARM
		{311AAE4D-8E65-4FF4-A05A-219C8D53BC0F}.AppStore|ARM.Build.0 = Release|ARM
		{311AAE4D-8E65-4FF4-A05A-219C8D53BC0F}.AppStore|ARM.Deploy.0 = Release|ARM
		{311AAE4D-8E65-4FF4-A05A-219C8D53BC0F}.AppStore|iPhone.ActiveCfg = Release|Any CPU
		{311AAE4D-8E65-4FF4-A05A-219C8D53BC0F}.AppStore|iPhone.Build.0 = Release|Any CPU
		{311AAE4D-8E65-4FF4-A05A-219C8D53BC0F}.AppStore|iPhone.Deploy.0 = Release|Any CPU
		{311AAE4D-8E65-4FF4-A05A-219C8D53BC0F}.AppStore|iPhoneSimulator.ActiveCfg = Release|Any CPU
		{311AAE4D-8E65-4FF4-A05A-219C8D53BC0F}.AppStore|iPhoneSimulator.Build.0 = Release|Any CPU
		{311AAE4D-8E65-4FF4-A05A-219C8D53BC0F}.AppStore|iPhoneSimulator.Deploy.0 = Release|Any CPU
		{311AAE4D-8E65-4FF4-A05A-219C8D53BC0F}.AppStore|x64.ActiveCfg = Release|Any CPU
		{311AAE4D-8E65-4FF4-A05A-219C8D53BC0F}.AppStore|x64.Build.0 = Release|Any CPU
		{311AAE4D-8E65-4FF4-A05A-219C8D53BC0F}.AppStore|x64.Deploy.0 = Release|Any CPU
		{311AAE4D-8E65-4FF4-A05A-219C8D53BC0F}.AppStore|x86.ActiveCfg = Release|x86
		{311AAE4D-8E65-4FF4-A05A-219C8D53BC0F}.AppStore|x86.Build.0 = Release|x86
		{311AAE4D-8E65-4FF4-A05A-219C8D53BC0F}.AppStore|x86.Deploy.0 = Release|x86
		{311AAE4D-8E65-4FF4-A05A-219C8D53BC0F}.Debug|Any CPU.ActiveCfg = Debug|Any CPU
		{311AAE4D-8E65-4FF4-A05A-219C8D53BC0F}.Debug|Any CPU.Build.0 = Debug|Any CPU
		{311AAE4D-8E65-4FF4-A05A-219C8D53BC0F}.Debug|Any CPU.Deploy.0 = Debug|Any CPU
		{311AAE4D-8E65-4FF4-A05A-219C8D53BC0F}.Debug|ARM.ActiveCfg = Debug|ARM
		{311AAE4D-8E65-4FF4-A05A-219C8D53BC0F}.Debug|ARM.Build.0 = Debug|ARM
		{311AAE4D-8E65-4FF4-A05A-219C8D53BC0F}.Debug|ARM.Deploy.0 = Debug|ARM
		{311AAE4D-8E65-4FF4-A05A-219C8D53BC0F}.Debug|iPhone.ActiveCfg = Debug|Any CPU
		{311AAE4D-8E65-4FF4-A05A-219C8D53BC0F}.Debug|iPhone.Build.0 = Debug|Any CPU
		{311AAE4D-8E65-4FF4-A05A-219C8D53BC0F}.Debug|iPhone.Deploy.0 = Debug|Any CPU
		{311AAE4D-8E65-4FF4-A05A-219C8D53BC0F}.Debug|iPhoneSimulator.ActiveCfg = Debug|Any CPU
		{311AAE4D-8E65-4FF4-A05A-219C8D53BC0F}.Debug|iPhoneSimulator.Build.0 = Debug|Any CPU
		{311AAE4D-8E65-4FF4-A05A-219C8D53BC0F}.Debug|iPhoneSimulator.Deploy.0 = Debug|Any CPU
		{311AAE4D-8E65-4FF4-A05A-219C8D53BC0F}.Debug|x64.ActiveCfg = Debug|Any CPU
		{311AAE4D-8E65-4FF4-A05A-219C8D53BC0F}.Debug|x64.Build.0 = Debug|Any CPU
		{311AAE4D-8E65-4FF4-A05A-219C8D53BC0F}.Debug|x64.Deploy.0 = Debug|Any CPU
		{311AAE4D-8E65-4FF4-A05A-219C8D53BC0F}.Debug|x86.ActiveCfg = Debug|x86
		{311AAE4D-8E65-4FF4-A05A-219C8D53BC0F}.Debug|x86.Build.0 = Debug|x86
		{311AAE4D-8E65-4FF4-A05A-219C8D53BC0F}.Debug|x86.Deploy.0 = Debug|x86
		{311AAE4D-8E65-4FF4-A05A-219C8D53BC0F}.Release|Any CPU.ActiveCfg = Release|Any CPU
		{311AAE4D-8E65-4FF4-A05A-219C8D53BC0F}.Release|Any CPU.Build.0 = Release|Any CPU
		{311AAE4D-8E65-4FF4-A05A-219C8D53BC0F}.Release|Any CPU.Deploy.0 = Release|Any CPU
		{311AAE4D-8E65-4FF4-A05A-219C8D53BC0F}.Release|ARM.ActiveCfg = Release|ARM
		{311AAE4D-8E65-4FF4-A05A-219C8D53BC0F}.Release|ARM.Build.0 = Release|ARM
		{311AAE4D-8E65-4FF4-A05A-219C8D53BC0F}.Release|ARM.Deploy.0 = Release|ARM
		{311AAE4D-8E65-4FF4-A05A-219C8D53BC0F}.Release|iPhone.ActiveCfg = Release|Any CPU
		{311AAE4D-8E65-4FF4-A05A-219C8D53BC0F}.Release|iPhone.Build.0 = Release|Any CPU
		{311AAE4D-8E65-4FF4-A05A-219C8D53BC0F}.Release|iPhone.Deploy.0 = Release|Any CPU
		{311AAE4D-8E65-4FF4-A05A-219C8D53BC0F}.Release|iPhoneSimulator.ActiveCfg = Release|Any CPU
		{311AAE4D-8E65-4FF4-A05A-219C8D53BC0F}.Release|iPhoneSimulator.Build.0 = Release|Any CPU
		{311AAE4D-8E65-4FF4-A05A-219C8D53BC0F}.Release|iPhoneSimulator.Deploy.0 = Release|Any CPU
		{311AAE4D-8E65-4FF4-A05A-219C8D53BC0F}.Release|x64.ActiveCfg = Release|Any CPU
		{311AAE4D-8E65-4FF4-A05A-219C8D53BC0F}.Release|x64.Build.0 = Release|Any CPU
		{311AAE4D-8E65-4FF4-A05A-219C8D53BC0F}.Release|x64.Deploy.0 = Release|Any CPU
		{311AAE4D-8E65-4FF4-A05A-219C8D53BC0F}.Release|x86.ActiveCfg = Release|x86
		{311AAE4D-8E65-4FF4-A05A-219C8D53BC0F}.Release|x86.Build.0 = Release|x86
		{311AAE4D-8E65-4FF4-A05A-219C8D53BC0F}.Release|x86.Deploy.0 = Release|x86
		{5EA1DAC7-0384-421B-B34B-4AE38FA1143A}.Ad-Hoc|Any CPU.ActiveCfg = Release|x86
		{5EA1DAC7-0384-421B-B34B-4AE38FA1143A}.Ad-Hoc|Any CPU.Build.0 = Release|x86
		{5EA1DAC7-0384-421B-B34B-4AE38FA1143A}.Ad-Hoc|Any CPU.Deploy.0 = Release|x86
		{5EA1DAC7-0384-421B-B34B-4AE38FA1143A}.Ad-Hoc|ARM.ActiveCfg = Release|ARM
		{5EA1DAC7-0384-421B-B34B-4AE38FA1143A}.Ad-Hoc|ARM.Build.0 = Release|ARM
		{5EA1DAC7-0384-421B-B34B-4AE38FA1143A}.Ad-Hoc|ARM.Deploy.0 = Release|ARM
		{5EA1DAC7-0384-421B-B34B-4AE38FA1143A}.Ad-Hoc|iPhone.ActiveCfg = Release|x86
		{5EA1DAC7-0384-421B-B34B-4AE38FA1143A}.Ad-Hoc|iPhone.Build.0 = Release|x86
		{5EA1DAC7-0384-421B-B34B-4AE38FA1143A}.Ad-Hoc|iPhone.Deploy.0 = Release|x86
		{5EA1DAC7-0384-421B-B34B-4AE38FA1143A}.Ad-Hoc|iPhoneSimulator.ActiveCfg = Release|x86
		{5EA1DAC7-0384-421B-B34B-4AE38FA1143A}.Ad-Hoc|iPhoneSimulator.Build.0 = Release|x86
		{5EA1DAC7-0384-421B-B34B-4AE38FA1143A}.Ad-Hoc|iPhoneSimulator.Deploy.0 = Release|x86
		{5EA1DAC7-0384-421B-B34B-4AE38FA1143A}.Ad-Hoc|x64.ActiveCfg = Release|x64
		{5EA1DAC7-0384-421B-B34B-4AE38FA1143A}.Ad-Hoc|x64.Build.0 = Release|x64
		{5EA1DAC7-0384-421B-B34B-4AE38FA1143A}.Ad-Hoc|x64.Deploy.0 = Release|x64
		{5EA1DAC7-0384-421B-B34B-4AE38FA1143A}.Ad-Hoc|x86.ActiveCfg = Release|x86
		{5EA1DAC7-0384-421B-B34B-4AE38FA1143A}.Ad-Hoc|x86.Build.0 = Release|x86
		{5EA1DAC7-0384-421B-B34B-4AE38FA1143A}.Ad-Hoc|x86.Deploy.0 = Release|x86
		{5EA1DAC7-0384-421B-B34B-4AE38FA1143A}.AppStore|Any CPU.ActiveCfg = Release|x86
		{5EA1DAC7-0384-421B-B34B-4AE38FA1143A}.AppStore|Any CPU.Build.0 = Release|x86
		{5EA1DAC7-0384-421B-B34B-4AE38FA1143A}.AppStore|Any CPU.Deploy.0 = Release|x86
		{5EA1DAC7-0384-421B-B34B-4AE38FA1143A}.AppStore|ARM.ActiveCfg = Release|ARM
		{5EA1DAC7-0384-421B-B34B-4AE38FA1143A}.AppStore|ARM.Build.0 = Release|ARM
		{5EA1DAC7-0384-421B-B34B-4AE38FA1143A}.AppStore|ARM.Deploy.0 = Release|ARM
		{5EA1DAC7-0384-421B-B34B-4AE38FA1143A}.AppStore|iPhone.ActiveCfg = Release|x86
		{5EA1DAC7-0384-421B-B34B-4AE38FA1143A}.AppStore|iPhone.Build.0 = Release|x86
		{5EA1DAC7-0384-421B-B34B-4AE38FA1143A}.AppStore|iPhone.Deploy.0 = Release|x86
		{5EA1DAC7-0384-421B-B34B-4AE38FA1143A}.AppStore|iPhoneSimulator.ActiveCfg = Release|x86
		{5EA1DAC7-0384-421B-B34B-4AE38FA1143A}.AppStore|iPhoneSimulator.Build.0 = Release|x86
		{5EA1DAC7-0384-421B-B34B-4AE38FA1143A}.AppStore|iPhoneSimulator.Deploy.0 = Release|x86
		{5EA1DAC7-0384-421B-B34B-4AE38FA1143A}.AppStore|x64.ActiveCfg = Release|x64
		{5EA1DAC7-0384-421B-B34B-4AE38FA1143A}.AppStore|x64.Build.0 = Release|x64
		{5EA1DAC7-0384-421B-B34B-4AE38FA1143A}.AppStore|x64.Deploy.0 = Release|x64
		{5EA1DAC7-0384-421B-B34B-4AE38FA1143A}.AppStore|x86.ActiveCfg = Release|x86
		{5EA1DAC7-0384-421B-B34B-4AE38FA1143A}.AppStore|x86.Build.0 = Release|x86
		{5EA1DAC7-0384-421B-B34B-4AE38FA1143A}.AppStore|x86.Deploy.0 = Release|x86
		{5EA1DAC7-0384-421B-B34B-4AE38FA1143A}.Debug|Any CPU.ActiveCfg = Debug|x86
		{5EA1DAC7-0384-421B-B34B-4AE38FA1143A}.Debug|ARM.ActiveCfg = Debug|ARM
		{5EA1DAC7-0384-421B-B34B-4AE38FA1143A}.Debug|ARM.Build.0 = Debug|ARM
		{5EA1DAC7-0384-421B-B34B-4AE38FA1143A}.Debug|ARM.Deploy.0 = Debug|ARM
		{5EA1DAC7-0384-421B-B34B-4AE38FA1143A}.Debug|iPhone.ActiveCfg = Debug|x86
		{5EA1DAC7-0384-421B-B34B-4AE38FA1143A}.Debug|iPhoneSimulator.ActiveCfg = Debug|x86
		{5EA1DAC7-0384-421B-B34B-4AE38FA1143A}.Debug|x64.ActiveCfg = Debug|x64
		{5EA1DAC7-0384-421B-B34B-4AE38FA1143A}.Debug|x64.Build.0 = Debug|x64
		{5EA1DAC7-0384-421B-B34B-4AE38FA1143A}.Debug|x64.Deploy.0 = Debug|x64
		{5EA1DAC7-0384-421B-B34B-4AE38FA1143A}.Debug|x86.ActiveCfg = Debug|x86
		{5EA1DAC7-0384-421B-B34B-4AE38FA1143A}.Debug|x86.Build.0 = Debug|x86
		{5EA1DAC7-0384-421B-B34B-4AE38FA1143A}.Debug|x86.Deploy.0 = Debug|x86
		{5EA1DAC7-0384-421B-B34B-4AE38FA1143A}.Release|Any CPU.ActiveCfg = Release|x86
		{5EA1DAC7-0384-421B-B34B-4AE38FA1143A}.Release|ARM.ActiveCfg = Release|ARM
		{5EA1DAC7-0384-421B-B34B-4AE38FA1143A}.Release|ARM.Build.0 = Release|ARM
		{5EA1DAC7-0384-421B-B34B-4AE38FA1143A}.Release|ARM.Deploy.0 = Release|ARM
		{5EA1DAC7-0384-421B-B34B-4AE38FA1143A}.Release|iPhone.ActiveCfg = Release|x86
		{5EA1DAC7-0384-421B-B34B-4AE38FA1143A}.Release|iPhoneSimulator.ActiveCfg = Release|x86
		{5EA1DAC7-0384-421B-B34B-4AE38FA1143A}.Release|x64.ActiveCfg = Release|x64
		{5EA1DAC7-0384-421B-B34B-4AE38FA1143A}.Release|x64.Build.0 = Release|x64
		{5EA1DAC7-0384-421B-B34B-4AE38FA1143A}.Release|x64.Deploy.0 = Release|x64
		{5EA1DAC7-0384-421B-B34B-4AE38FA1143A}.Release|x86.ActiveCfg = Release|x86
		{5EA1DAC7-0384-421B-B34B-4AE38FA1143A}.Release|x86.Build.0 = Release|x86
		{5EA1DAC7-0384-421B-B34B-4AE38FA1143A}.Release|x86.Deploy.0 = Release|x86
		{522DB10A-2523-4187-8DC5-C282F2713FB1}.Ad-Hoc|Any CPU.ActiveCfg = Release|Any CPU
		{522DB10A-2523-4187-8DC5-C282F2713FB1}.Ad-Hoc|Any CPU.Build.0 = Release|Any CPU
		{522DB10A-2523-4187-8DC5-C282F2713FB1}.Ad-Hoc|Any CPU.Deploy.0 = Release|Any CPU
		{522DB10A-2523-4187-8DC5-C282F2713FB1}.Ad-Hoc|ARM.ActiveCfg = Release|ARM
		{522DB10A-2523-4187-8DC5-C282F2713FB1}.Ad-Hoc|ARM.Build.0 = Release|ARM
		{522DB10A-2523-4187-8DC5-C282F2713FB1}.Ad-Hoc|ARM.Deploy.0 = Release|ARM
		{522DB10A-2523-4187-8DC5-C282F2713FB1}.Ad-Hoc|iPhone.ActiveCfg = Release|Any CPU
		{522DB10A-2523-4187-8DC5-C282F2713FB1}.Ad-Hoc|iPhone.Build.0 = Release|Any CPU
		{522DB10A-2523-4187-8DC5-C282F2713FB1}.Ad-Hoc|iPhone.Deploy.0 = Release|Any CPU
		{522DB10A-2523-4187-8DC5-C282F2713FB1}.Ad-Hoc|iPhoneSimulator.ActiveCfg = Release|Any CPU
		{522DB10A-2523-4187-8DC5-C282F2713FB1}.Ad-Hoc|iPhoneSimulator.Build.0 = Release|Any CPU
		{522DB10A-2523-4187-8DC5-C282F2713FB1}.Ad-Hoc|iPhoneSimulator.Deploy.0 = Release|Any CPU
		{522DB10A-2523-4187-8DC5-C282F2713FB1}.Ad-Hoc|x64.ActiveCfg = Release|x64
		{522DB10A-2523-4187-8DC5-C282F2713FB1}.Ad-Hoc|x64.Build.0 = Release|x64
		{522DB10A-2523-4187-8DC5-C282F2713FB1}.Ad-Hoc|x64.Deploy.0 = Release|x64
		{522DB10A-2523-4187-8DC5-C282F2713FB1}.Ad-Hoc|x86.ActiveCfg = Release|x86
		{522DB10A-2523-4187-8DC5-C282F2713FB1}.Ad-Hoc|x86.Build.0 = Release|x86
		{522DB10A-2523-4187-8DC5-C282F2713FB1}.Ad-Hoc|x86.Deploy.0 = Release|x86
		{522DB10A-2523-4187-8DC5-C282F2713FB1}.AppStore|Any CPU.ActiveCfg = Release|Any CPU
		{522DB10A-2523-4187-8DC5-C282F2713FB1}.AppStore|Any CPU.Build.0 = Release|Any CPU
		{522DB10A-2523-4187-8DC5-C282F2713FB1}.AppStore|Any CPU.Deploy.0 = Release|Any CPU
		{522DB10A-2523-4187-8DC5-C282F2713FB1}.AppStore|ARM.ActiveCfg = Release|ARM
		{522DB10A-2523-4187-8DC5-C282F2713FB1}.AppStore|ARM.Build.0 = Release|ARM
		{522DB10A-2523-4187-8DC5-C282F2713FB1}.AppStore|ARM.Deploy.0 = Release|ARM
		{522DB10A-2523-4187-8DC5-C282F2713FB1}.AppStore|iPhone.ActiveCfg = Release|Any CPU
		{522DB10A-2523-4187-8DC5-C282F2713FB1}.AppStore|iPhone.Build.0 = Release|Any CPU
		{522DB10A-2523-4187-8DC5-C282F2713FB1}.AppStore|iPhone.Deploy.0 = Release|Any CPU
		{522DB10A-2523-4187-8DC5-C282F2713FB1}.AppStore|iPhoneSimulator.ActiveCfg = Release|Any CPU
		{522DB10A-2523-4187-8DC5-C282F2713FB1}.AppStore|iPhoneSimulator.Build.0 = Release|Any CPU
		{522DB10A-2523-4187-8DC5-C282F2713FB1}.AppStore|iPhoneSimulator.Deploy.0 = Release|Any CPU
		{522DB10A-2523-4187-8DC5-C282F2713FB1}.AppStore|x64.ActiveCfg = Release|x64
		{522DB10A-2523-4187-8DC5-C282F2713FB1}.AppStore|x64.Build.0 = Release|x64
		{522DB10A-2523-4187-8DC5-C282F2713FB1}.AppStore|x64.Deploy.0 = Release|x64
		{522DB10A-2523-4187-8DC5-C282F2713FB1}.AppStore|x86.ActiveCfg = Release|x86
		{522DB10A-2523-4187-8DC5-C282F2713FB1}.AppStore|x86.Build.0 = Release|x86
		{522DB10A-2523-4187-8DC5-C282F2713FB1}.AppStore|x86.Deploy.0 = Release|x86
		{522DB10A-2523-4187-8DC5-C282F2713FB1}.Debug|Any CPU.ActiveCfg = Debug|Any CPU
		{522DB10A-2523-4187-8DC5-C282F2713FB1}.Debug|Any CPU.Build.0 = Debug|Any CPU
		{522DB10A-2523-4187-8DC5-C282F2713FB1}.Debug|Any CPU.Deploy.0 = Debug|Any CPU
		{522DB10A-2523-4187-8DC5-C282F2713FB1}.Debug|ARM.ActiveCfg = Debug|ARM
		{522DB10A-2523-4187-8DC5-C282F2713FB1}.Debug|ARM.Build.0 = Debug|ARM
		{522DB10A-2523-4187-8DC5-C282F2713FB1}.Debug|ARM.Deploy.0 = Debug|ARM
		{522DB10A-2523-4187-8DC5-C282F2713FB1}.Debug|iPhone.ActiveCfg = Debug|Any CPU
		{522DB10A-2523-4187-8DC5-C282F2713FB1}.Debug|iPhone.Build.0 = Debug|Any CPU
		{522DB10A-2523-4187-8DC5-C282F2713FB1}.Debug|iPhone.Deploy.0 = Debug|Any CPU
		{522DB10A-2523-4187-8DC5-C282F2713FB1}.Debug|iPhoneSimulator.ActiveCfg = Debug|Any CPU
		{522DB10A-2523-4187-8DC5-C282F2713FB1}.Debug|iPhoneSimulator.Build.0 = Debug|Any CPU
		{522DB10A-2523-4187-8DC5-C282F2713FB1}.Debug|iPhoneSimulator.Deploy.0 = Debug|Any CPU
		{522DB10A-2523-4187-8DC5-C282F2713FB1}.Debug|x64.ActiveCfg = Debug|x64
		{522DB10A-2523-4187-8DC5-C282F2713FB1}.Debug|x64.Build.0 = Debug|x64
		{522DB10A-2523-4187-8DC5-C282F2713FB1}.Debug|x64.Deploy.0 = Debug|x64
		{522DB10A-2523-4187-8DC5-C282F2713FB1}.Debug|x86.ActiveCfg = Debug|x86
		{522DB10A-2523-4187-8DC5-C282F2713FB1}.Debug|x86.Build.0 = Debug|x86
		{522DB10A-2523-4187-8DC5-C282F2713FB1}.Debug|x86.Deploy.0 = Debug|x86
		{522DB10A-2523-4187-8DC5-C282F2713FB1}.Release|Any CPU.ActiveCfg = Release|Any CPU
		{522DB10A-2523-4187-8DC5-C282F2713FB1}.Release|Any CPU.Build.0 = Release|Any CPU
		{522DB10A-2523-4187-8DC5-C282F2713FB1}.Release|Any CPU.Deploy.0 = Release|Any CPU
		{522DB10A-2523-4187-8DC5-C282F2713FB1}.Release|ARM.ActiveCfg = Release|ARM
		{522DB10A-2523-4187-8DC5-C282F2713FB1}.Release|ARM.Build.0 = Release|ARM
		{522DB10A-2523-4187-8DC5-C282F2713FB1}.Release|ARM.Deploy.0 = Release|ARM
		{522DB10A-2523-4187-8DC5-C282F2713FB1}.Release|iPhone.ActiveCfg = Release|Any CPU
		{522DB10A-2523-4187-8DC5-C282F2713FB1}.Release|iPhone.Build.0 = Release|Any CPU
		{522DB10A-2523-4187-8DC5-C282F2713FB1}.Release|iPhone.Deploy.0 = Release|Any CPU
		{522DB10A-2523-4187-8DC5-C282F2713FB1}.Release|iPhoneSimulator.ActiveCfg = Release|Any CPU
		{522DB10A-2523-4187-8DC5-C282F2713FB1}.Release|iPhoneSimulator.Build.0 = Release|Any CPU
		{522DB10A-2523-4187-8DC5-C282F2713FB1}.Release|iPhoneSimulator.Deploy.0 = Release|Any CPU
		{522DB10A-2523-4187-8DC5-C282F2713FB1}.Release|x64.ActiveCfg = Release|x64
		{522DB10A-2523-4187-8DC5-C282F2713FB1}.Release|x64.Build.0 = Release|x64
		{522DB10A-2523-4187-8DC5-C282F2713FB1}.Release|x64.Deploy.0 = Release|x64
		{522DB10A-2523-4187-8DC5-C282F2713FB1}.Release|x86.ActiveCfg = Release|x86
		{522DB10A-2523-4187-8DC5-C282F2713FB1}.Release|x86.Build.0 = Release|x86
		{522DB10A-2523-4187-8DC5-C282F2713FB1}.Release|x86.Deploy.0 = Release|x86
	EndGlobalSection
	GlobalSection(SolutionProperties) = preSolution
		HideSolutionNode = FALSE
	EndGlobalSection
EndGlobal
